// !$*UTF8*$!
{
	archiveVersion = 1;
	classes = {
	};
	objectVersion = 46;
	objects = {

/* Begin PBXBuildFile section */
		00413E491B723BDD005848B9 /* ShipNode.m in Sources */ = {isa = PBXBuildFile; fileRef = 00413E481B723BDD005848B9 /* ShipNode.m */; };
		00413E4C1B7B9EAF005848B9 /* jump.png in Resources */ = {isa = PBXBuildFile; fileRef = 00413E4B1B7B9EAF005848B9 /* jump.png */; };
		004D6D411B01409300893E8B /* main.m in Sources */ = {isa = PBXBuildFile; fileRef = 004D6D401B01409300893E8B /* main.m */; };
		004D6D441B01409300893E8B /* AppDelegate.m in Sources */ = {isa = PBXBuildFile; fileRef = 004D6D431B01409300893E8B /* AppDelegate.m */; };
		004D6D471B01409300893E8B /* GameScene.m in Sources */ = {isa = PBXBuildFile; fileRef = 004D6D461B01409300893E8B /* GameScene.m */; };
		004D6D491B01409300893E8B /* GameScene.sks in Resources */ = {isa = PBXBuildFile; fileRef = 004D6D481B01409300893E8B /* GameScene.sks */; };
		004D6D4C1B01409300893E8B /* GameViewController.m in Sources */ = {isa = PBXBuildFile; fileRef = 004D6D4B1B01409300893E8B /* GameViewController.m */; };
		004D6D4F1B01409300893E8B /* Main.storyboard in Resources */ = {isa = PBXBuildFile; fileRef = 004D6D4D1B01409300893E8B /* Main.storyboard */; };
		004D6D511B01409300893E8B /* Images.xcassets in Resources */ = {isa = PBXBuildFile; fileRef = 004D6D501B01409300893E8B /* Images.xcassets */; };
		004D6D541B01409300893E8B /* LaunchScreen.xib in Resources */ = {isa = PBXBuildFile; fileRef = 004D6D521B01409300893E8B /* LaunchScreen.xib */; };
		004D6D601B01409300893E8B /* Space_AtackTests.m in Sources */ = {isa = PBXBuildFile; fileRef = 004D6D5F1B01409300893E8B /* Space_AtackTests.m */; };
		004D6D6B1B0140D400893E8B /* FMMParallaxNode.m in Sources */ = {isa = PBXBuildFile; fileRef = 004D6D6A1B0140D400893E8B /* FMMParallaxNode.m */; };
		004D6D8A1B0273A600893E8B /* star1.png in Resources */ = {isa = PBXBuildFile; fileRef = 004D6D841B0273A600893E8B /* star1.png */; };
		004D6D8B1B0273A600893E8B /* star2.png in Resources */ = {isa = PBXBuildFile; fileRef = 004D6D851B0273A600893E8B /* star2.png */; };
		004D6D8C1B0273A600893E8B /* star3.png in Resources */ = {isa = PBXBuildFile; fileRef = 004D6D861B0273A600893E8B /* star3.png */; };
		004D6D8D1B0273A600893E8B /* stars1.sks in Resources */ = {isa = PBXBuildFile; fileRef = 004D6D871B0273A600893E8B /* stars1.sks */; };
		004D6D8E1B0273A600893E8B /* stars2.sks in Resources */ = {isa = PBXBuildFile; fileRef = 004D6D881B0273A600893E8B /* stars2.sks */; };
		004D6D8F1B0273A600893E8B /* stars3.sks in Resources */ = {isa = PBXBuildFile; fileRef = 004D6D891B0273A600893E8B /* stars3.sks */; };
		008640D01B03E8D10089D2BD /* Explosion.sks in Resources */ = {isa = PBXBuildFile; fileRef = 008640CF1B03E8D10089D2BD /* Explosion.sks */; };
		008640D21B04E1170089D2BD /* Game-SPaceAttack.mp3 in Resources */ = {isa = PBXBuildFile; fileRef = 008640D11B04E1170089D2BD /* Game-SPaceAttack.mp3 */; };
		008640D61B050F560089D2BD /* INITIALSCREEN.png in Resources */ = {isa = PBXBuildFile; fileRef = 008640D51B050F560089D2BD /* INITIALSCREEN.png */; };
		008640DA1B0514390089D2BD /* TITLE.png in Resources */ = {isa = PBXBuildFile; fileRef = 008640D91B0514390089D2BD /* TITLE.png */; };
		008640DC1B0526550089D2BD /* PLAYBUT.png in Resources */ = {isa = PBXBuildFile; fileRef = 008640DB1B0526550089D2BD /* PLAYBUT.png */; };
/* End PBXBuildFile section */

/* Begin PBXContainerItemProxy section */
		004D6D5A1B01409300893E8B /* PBXContainerItemProxy */ = {
			isa = PBXContainerItemProxy;
			containerPortal = 004D6D331B01409300893E8B /* Project object */;
			proxyType = 1;
			remoteGlobalIDString = 004D6D3A1B01409300893E8B;
			remoteInfo = "Space Atack";
		};
/* End PBXContainerItemProxy section */

/* Begin PBXFileReference section */
		00413E471B723BDD005848B9 /* ShipNode.h */ = {isa = PBXFileReference; fileEncoding = 4; lastKnownFileType = sourcecode.c.h; path = ShipNode.h; sourceTree = "<group>"; };
		00413E481B723BDD005848B9 /* ShipNode.m */ = {isa = PBXFileReference; fileEncoding = 4; lastKnownFileType = sourcecode.c.objc; path = ShipNode.m; sourceTree = "<group>"; };
		00413E4A1B723EAD005848B9 /* Constants.h */ = {isa = PBXFileReference; lastKnownFileType = sourcecode.c.h; path = Constants.h; sourceTree = "<group>"; };
		00413E4B1B7B9EAF005848B9 /* jump.png */ = {isa = PBXFileReference; lastKnownFileType = image.png; path = jump.png; sourceTree = "<group>"; };
		004D6D3B1B01409300893E8B /* Space Atack.app */ = {isa = PBXFileReference; explicitFileType = wrapper.application; includeInIndex = 0; path = "Space Atack.app"; sourceTree = BUILT_PRODUCTS_DIR; };
		004D6D3F1B01409300893E8B /* Info.plist */ = {isa = PBXFileReference; lastKnownFileType = text.plist.xml; path = Info.plist; sourceTree = "<group>"; };
		004D6D401B01409300893E8B /* main.m */ = {isa = PBXFileReference; lastKnownFileType = sourcecode.c.objc; path = main.m; sourceTree = "<group>"; };
		004D6D421B01409300893E8B /* AppDelegate.h */ = {isa = PBXFileReference; lastKnownFileType = sourcecode.c.h; path = AppDelegate.h; sourceTree = "<group>"; };
		004D6D431B01409300893E8B /* AppDelegate.m */ = {isa = PBXFileReference; lastKnownFileType = sourcecode.c.objc; path = AppDelegate.m; sourceTree = "<group>"; };
		004D6D451B01409300893E8B /* GameScene.h */ = {isa = PBXFileReference; lastKnownFileType = sourcecode.c.h; path = GameScene.h; sourceTree = "<group>"; };
		004D6D461B01409300893E8B /* GameScene.m */ = {isa = PBXFileReference; lastKnownFileType = sourcecode.c.objc; path = GameScene.m; sourceTree = "<group>"; };
		004D6D481B01409300893E8B /* GameScene.sks */ = {isa = PBXFileReference; lastKnownFileType = file.sks; path = GameScene.sks; sourceTree = "<group>"; };
		004D6D4A1B01409300893E8B /* GameViewController.h */ = {isa = PBXFileReference; lastKnownFileType = sourcecode.c.h; path = GameViewController.h; sourceTree = "<group>"; };
		004D6D4B1B01409300893E8B /* GameViewController.m */ = {isa = PBXFileReference; lastKnownFileType = sourcecode.c.objc; path = GameViewController.m; sourceTree = "<group>"; };
		004D6D4E1B01409300893E8B /* Base */ = {isa = PBXFileReference; lastKnownFileType = file.storyboard; name = Base; path = Base.lproj/Main.storyboard; sourceTree = "<group>"; };
		004D6D501B01409300893E8B /* Images.xcassets */ = {isa = PBXFileReference; lastKnownFileType = folder.assetcatalog; path = Images.xcassets; sourceTree = "<group>"; };
		004D6D531B01409300893E8B /* Base */ = {isa = PBXFileReference; lastKnownFileType = file.xib; name = Base; path = Base.lproj/LaunchScreen.xib; sourceTree = "<group>"; };
		004D6D591B01409300893E8B /* Space AtackTests.xctest */ = {isa = PBXFileReference; explicitFileType = wrapper.cfbundle; includeInIndex = 0; path = "Space AtackTests.xctest"; sourceTree = BUILT_PRODUCTS_DIR; };
		004D6D5E1B01409300893E8B /* Info.plist */ = {isa = PBXFileReference; lastKnownFileType = text.plist.xml; path = Info.plist; sourceTree = "<group>"; };
		004D6D5F1B01409300893E8B /* Space_AtackTests.m */ = {isa = PBXFileReference; lastKnownFileType = sourcecode.c.objc; path = Space_AtackTests.m; sourceTree = "<group>"; };
		004D6D691B0140D400893E8B /* FMMParallaxNode.h */ = {isa = PBXFileReference; fileEncoding = 4; lastKnownFileType = sourcecode.c.h; path = FMMParallaxNode.h; sourceTree = "<group>"; };
		004D6D6A1B0140D400893E8B /* FMMParallaxNode.m */ = {isa = PBXFileReference; fileEncoding = 4; lastKnownFileType = sourcecode.c.objc; path = FMMParallaxNode.m; sourceTree = "<group>"; };
		004D6D841B0273A600893E8B /* star1.png */ = {isa = PBXFileReference; lastKnownFileType = image.png; path = star1.png; sourceTree = "<group>"; };
		004D6D851B0273A600893E8B /* star2.png */ = {isa = PBXFileReference; lastKnownFileType = image.png; path = star2.png; sourceTree = "<group>"; };
		004D6D861B0273A600893E8B /* star3.png */ = {isa = PBXFileReference; lastKnownFileType = image.png; path = star3.png; sourceTree = "<group>"; };
		004D6D871B0273A600893E8B /* stars1.sks */ = {isa = PBXFileReference; lastKnownFileType = file.sks; path = stars1.sks; sourceTree = "<group>"; };
		004D6D881B0273A600893E8B /* stars2.sks */ = {isa = PBXFileReference; lastKnownFileType = file.sks; path = stars2.sks; sourceTree = "<group>"; };
		004D6D891B0273A600893E8B /* stars3.sks */ = {isa = PBXFileReference; lastKnownFileType = file.sks; path = stars3.sks; sourceTree = "<group>"; };
		008640CF1B03E8D10089D2BD /* Explosion.sks */ = {isa = PBXFileReference; lastKnownFileType = file.sks; path = Explosion.sks; sourceTree = "<group>"; };
		008640D11B04E1170089D2BD /* Game-SPaceAttack.mp3 */ = {isa = PBXFileReference; lastKnownFileType = audio.mp3; path = "Game-SPaceAttack.mp3"; sourceTree = "<group>"; };
		008640D51B050F560089D2BD /* INITIALSCREEN.png */ = {isa = PBXFileReference; lastKnownFileType = image.png; path = INITIALSCREEN.png; sourceTree = "<group>"; };
		008640D91B0514390089D2BD /* TITLE.png */ = {isa = PBXFileReference; lastKnownFileType = image.png; path = TITLE.png; sourceTree = "<group>"; };
		008640DB1B0526550089D2BD /* PLAYBUT.png */ = {isa = PBXFileReference; lastKnownFileType = image.png; path = PLAYBUT.png; sourceTree = "<group>"; };
/* End PBXFileReference section */

/* Begin PBXFrameworksBuildPhase section */
		004D6D381B01409300893E8B /* Frameworks */ = {
			isa = PBXFrameworksBuildPhase;
			buildActionMask = 2147483647;
			files = (
			);
			runOnlyForDeploymentPostprocessing = 0;
		};
		004D6D561B01409300893E8B /* Frameworks */ = {
			isa = PBXFrameworksBuildPhase;
			buildActionMask = 2147483647;
			files = (
			);
			runOnlyForDeploymentPostprocessing = 0;
		};
/* End PBXFrameworksBuildPhase section */

/* Begin PBXGroup section */
		004D6D321B01409300893E8B = {
			isa = PBXGroup;
			children = (
				004D6D3D1B01409300893E8B /* Space Atack */,
				004D6D5C1B01409300893E8B /* Space AtackTests */,
				004D6D3C1B01409300893E8B /* Products */,
			);
			sourceTree = "<group>";
		};
		004D6D3C1B01409300893E8B /* Products */ = {
			isa = PBXGroup;
			children = (
				004D6D3B1B01409300893E8B /* Space Atack.app */,
				004D6D591B01409300893E8B /* Space AtackTests.xctest */,
			);
			name = Products;
			sourceTree = "<group>";
		};
		004D6D3D1B01409300893E8B /* Space Atack */ = {
			isa = PBXGroup;
			children = (
				004D6D421B01409300893E8B /* AppDelegate.h */,
				004D6D431B01409300893E8B /* AppDelegate.m */,
				004D6D451B01409300893E8B /* GameScene.h */,
				004D6D461B01409300893E8B /* GameScene.m */,
				008640CF1B03E8D10089D2BD /* Explosion.sks */,
				004D6D691B0140D400893E8B /* FMMParallaxNode.h */,
				004D6D6A1B0140D400893E8B /* FMMParallaxNode.m */,
				004D6D481B01409300893E8B /* GameScene.sks */,
				004D6D4A1B01409300893E8B /* GameViewController.h */,
				004D6D4B1B01409300893E8B /* GameViewController.m */,
				008640D11B04E1170089D2BD /* Game-SPaceAttack.mp3 */,
				004D6D841B0273A600893E8B /* star1.png */,
				004D6D851B0273A600893E8B /* star2.png */,
				004D6D861B0273A600893E8B /* star3.png */,
				008640D51B050F560089D2BD /* INITIALSCREEN.png */,
				004D6D871B0273A600893E8B /* stars1.sks */,
				004D6D881B0273A600893E8B /* stars2.sks */,
				008640D91B0514390089D2BD /* TITLE.png */,
				004D6D891B0273A600893E8B /* stars3.sks */,
				004D6D4D1B01409300893E8B /* Main.storyboard */,
				008640DB1B0526550089D2BD /* PLAYBUT.png */,
				004D6D501B01409300893E8B /* Images.xcassets */,
				00413E4B1B7B9EAF005848B9 /* jump.png */,
				004D6D521B01409300893E8B /* LaunchScreen.xib */,
				004D6D3E1B01409300893E8B /* Supporting Files */,
				00413E471B723BDD005848B9 /* ShipNode.h */,
				00413E481B723BDD005848B9 /* ShipNode.m */,
				00413E4A1B723EAD005848B9 /* Constants.h */,
			);
			path = "Space Atack";
			sourceTree = "<group>";
		};
		004D6D3E1B01409300893E8B /* Supporting Files */ = {
			isa = PBXGroup;
			children = (
				004D6D3F1B01409300893E8B /* Info.plist */,
				004D6D401B01409300893E8B /* main.m */,
			);
			name = "Supporting Files";
			sourceTree = "<group>";
		};
		004D6D5C1B01409300893E8B /* Space AtackTests */ = {
			isa = PBXGroup;
			children = (
				004D6D5F1B01409300893E8B /* Space_AtackTests.m */,
				004D6D5D1B01409300893E8B /* Supporting Files */,
			);
			path = "Space AtackTests";
			sourceTree = "<group>";
		};
		004D6D5D1B01409300893E8B /* Supporting Files */ = {
			isa = PBXGroup;
			children = (
				004D6D5E1B01409300893E8B /* Info.plist */,
			);
			name = "Supporting Files";
			sourceTree = "<group>";
		};
/* End PBXGroup section */

/* Begin PBXNativeTarget section */
		004D6D3A1B01409300893E8B /* Space Atack */ = {
			isa = PBXNativeTarget;
			buildConfigurationList = 004D6D631B01409300893E8B /* Build configuration list for PBXNativeTarget "Space Atack" */;
			buildPhases = (
				004D6D371B01409300893E8B /* Sources */,
				004D6D381B01409300893E8B /* Frameworks */,
				004D6D391B01409300893E8B /* Resources */,
			);
			buildRules = (
			);
			dependencies = (
			);
			name = "Space Atack";
			productName = "Space Atack";
			productReference = 004D6D3B1B01409300893E8B /* Space Atack.app */;
			productType = "com.apple.product-type.application";
		};
		004D6D581B01409300893E8B /* Space AtackTests */ = {
			isa = PBXNativeTarget;
			buildConfigurationList = 004D6D661B01409300893E8B /* Build configuration list for PBXNativeTarget "Space AtackTests" */;
			buildPhases = (
				004D6D551B01409300893E8B /* Sources */,
				004D6D561B01409300893E8B /* Frameworks */,
				004D6D571B01409300893E8B /* Resources */,
			);
			buildRules = (
			);
			dependencies = (
				004D6D5B1B01409300893E8B /* PBXTargetDependency */,
			);
			name = "Space AtackTests";
			productName = "Space AtackTests";
			productReference = 004D6D591B01409300893E8B /* Space AtackTests.xctest */;
			productType = "com.apple.product-type.bundle.unit-test";
		};
/* End PBXNativeTarget section */

/* Begin PBXProject section */
		004D6D331B01409300893E8B /* Project object */ = {
			isa = PBXProject;
			attributes = {
				LastUpgradeCheck = 0630;
				ORGANIZATIONNAME = "Mini Challenge 2";
				TargetAttributes = {
					004D6D3A1B01409300893E8B = {
						CreatedOnToolsVersion = 6.3.1;
					};
					004D6D581B01409300893E8B = {
						CreatedOnToolsVersion = 6.3.1;
						TestTargetID = 004D6D3A1B01409300893E8B;
					};
				};
			};
			buildConfigurationList = 004D6D361B01409300893E8B /* Build configuration list for PBXProject "Space Atack" */;
			compatibilityVersion = "Xcode 3.2";
			developmentRegion = English;
			hasScannedForEncodings = 0;
			knownRegions = (
				en,
				Base,
			);
			mainGroup = 004D6D321B01409300893E8B;
			productRefGroup = 004D6D3C1B01409300893E8B /* Products */;
			projectDirPath = "";
			projectRoot = "";
			targets = (
				004D6D3A1B01409300893E8B /* Space Atack */,
				004D6D581B01409300893E8B /* Space AtackTests */,
			);
		};
/* End PBXProject section */

/* Begin PBXResourcesBuildPhase section */
		004D6D391B01409300893E8B /* Resources */ = {
			isa = PBXResourcesBuildPhase;
			buildActionMask = 2147483647;
			files = (
				004D6D541B01409300893E8B /* LaunchScreen.xib in Resources */,
				008640DA1B0514390089D2BD /* TITLE.png in Resources */,
				004D6D8A1B0273A600893E8B /* star1.png in Resources */,
				008640D61B050F560089D2BD /* INITIALSCREEN.png in Resources */,
				004D6D8E1B0273A600893E8B /* stars2.sks in Resources */,
				004D6D511B01409300893E8B /* Images.xcassets in Resources */,
				008640D21B04E1170089D2BD /* Game-SPaceAttack.mp3 in Resources */,
				00413E4C1B7B9EAF005848B9 /* jump.png in Resources */,
				004D6D491B01409300893E8B /* GameScene.sks in Resources */,
				008640D01B03E8D10089D2BD /* Explosion.sks in Resources */,
				004D6D8B1B0273A600893E8B /* star2.png in Resources */,
				008640DC1B0526550089D2BD /* PLAYBUT.png in Resources */,
				004D6D8C1B0273A600893E8B /* star3.png in Resources */,
				004D6D4F1B01409300893E8B /* Main.storyboard in Resources */,
				004D6D8D1B0273A600893E8B /* stars1.sks in Resources */,
				004D6D8F1B0273A600893E8B /* stars3.sks in Resources */,
			);
			runOnlyForDeploymentPostprocessing = 0;
		};
		004D6D571B01409300893E8B /* Resources */ = {
			isa = PBXResourcesBuildPhase;
			buildActionMask = 2147483647;
			files = (
			);
			runOnlyForDeploymentPostprocessing = 0;
		};
/* End PBXResourcesBuildPhase section */

/* Begin PBXSourcesBuildPhase section */
		004D6D371B01409300893E8B /* Sources */ = {
			isa = PBXSourcesBuildPhase;
			buildActionMask = 2147483647;
			files = (
				004D6D4C1B01409300893E8B /* GameViewController.m in Sources */,
				004D6D441B01409300893E8B /* AppDelegate.m in Sources */,
				004D6D471B01409300893E8B /* GameScene.m in Sources */,
				00413E491B723BDD005848B9 /* ShipNode.m in Sources */,
				004D6D6B1B0140D400893E8B /* FMMParallaxNode.m in Sources */,
				004D6D411B01409300893E8B /* main.m in Sources */,
			);
			runOnlyForDeploymentPostprocessing = 0;
		};
		004D6D551B01409300893E8B /* Sources */ = {
			isa = PBXSourcesBuildPhase;
			buildActionMask = 2147483647;
			files = (
				004D6D601B01409300893E8B /* Space_AtackTests.m in Sources */,
			);
			runOnlyForDeploymentPostprocessing = 0;
		};
/* End PBXSourcesBuildPhase section */

/* Begin PBXTargetDependency section */
		004D6D5B1B01409300893E8B /* PBXTargetDependency */ = {
			isa = PBXTargetDependency;
			target = 004D6D3A1B01409300893E8B /* Space Atack */;
			targetProxy = 004D6D5A1B01409300893E8B /* PBXContainerItemProxy */;
		};
/* End PBXTargetDependency section */

/* Begin PBXVariantGroup section */
		004D6D4D1B01409300893E8B /* Main.storyboard */ = {
			isa = PBXVariantGroup;
			children = (
				004D6D4E1B01409300893E8B /* Base */,
			);
			name = Main.storyboard;
			sourceTree = "<group>";
		};
		004D6D521B01409300893E8B /* LaunchScreen.xib */ = {
			isa = PBXVariantGroup;
			children = (
				004D6D531B01409300893E8B /* Base */,
			);
			name = LaunchScreen.xib;
			sourceTree = "<group>";
		};
/* End PBXVariantGroup section */

/* Begin XCBuildConfiguration section */
		004D6D611B01409300893E8B /* Debug */ = {
			isa = XCBuildConfiguration;
			buildSettings = {
				ALWAYS_SEARCH_USER_PATHS = NO;
				CLANG_CXX_LANGUAGE_STANDARD = "gnu++0x";
				CLANG_CXX_LIBRARY = "libc++";
				CLANG_ENABLE_MODULES = YES;
				CLANG_ENABLE_OBJC_ARC = YES;
				CLANG_WARN_BOOL_CONVERSION = YES;
				CLANG_WARN_CONSTANT_CONVERSION = YES;
				CLANG_WARN_DIRECT_OBJC_ISA_USAGE = YES_ERROR;
				CLANG_WARN_EMPTY_BODY = YES;
				CLANG_WARN_ENUM_CONVERSION = YES;
				CLANG_WARN_INT_CONVERSION = YES;
				CLANG_WARN_OBJC_ROOT_CLASS = YES_ERROR;
				CLANG_WARN_UNREACHABLE_CODE = YES;
				CLANG_WARN__DUPLICATE_METHOD_MATCH = YES;
				"CODE_SIGN_IDENTITY[sdk=iphoneos*]" = "iPhone Developer";
				COPY_PHASE_STRIP = NO;
				DEBUG_INFORMATION_FORMAT = "dwarf-with-dsym";
				ENABLE_STRICT_OBJC_MSGSEND = YES;
				GCC_C_LANGUAGE_STANDARD = gnu99;
				GCC_DYNAMIC_NO_PIC = NO;
				GCC_NO_COMMON_BLOCKS = YES;
				GCC_OPTIMIZATION_LEVEL = 0;
				GCC_PREPROCESSOR_DEFINITIONS = (
					"DEBUG=1",
					"$(inherited)",
				);
				GCC_SYMBOLS_PRIVATE_EXTERN = NO;
				GCC_WARN_64_TO_32_BIT_CONVERSION = YES;
				GCC_WARN_ABOUT_RETURN_TYPE = YES_ERROR;
				GCC_WARN_UNDECLARED_SELECTOR = YES;
				GCC_WARN_UNINITIALIZED_AUTOS = YES_AGGRESSIVE;
				GCC_WARN_UNUSED_FUNCTION = YES;
				GCC_WARN_UNUSED_VARIABLE = YES;
				IPHONEOS_DEPLOYMENT_TARGET = 8.3;
				MTL_ENABLE_DEBUG_INFO = YES;
				ONLY_ACTIVE_ARCH = YES;
				SDKROOT = iphoneos;
			};
			name = Debug;
		};
		004D6D621B01409300893E8B /* Release */ = {
			isa = XCBuildConfiguration;
			buildSettings = {
				ALWAYS_SEARCH_USER_PATHS = NO;
				CLANG_CXX_LANGUAGE_STANDARD = "gnu++0x";
				CLANG_CXX_LIBRARY = "libc++";
				CLANG_ENABLE_MODULES = YES;
				CLANG_ENABLE_OBJC_ARC = YES;
				CLANG_WARN_BOOL_CONVERSION = YES;
				CLANG_WARN_CONSTANT_CONVERSION = YES;
				CLANG_WARN_DIRECT_OBJC_ISA_USAGE = YES_ERROR;
				CLANG_WARN_EMPTY_BODY = YES;
				CLANG_WARN_ENUM_CONVERSION = YES;
				CLANG_WARN_INT_CONVERSION = YES;
				CLANG_WARN_OBJC_ROOT_CLASS = YES_ERROR;
				CLANG_WARN_UNREACHABLE_CODE = YES;
				CLANG_WARN__DUPLICATE_METHOD_MATCH = YES;
				"CODE_SIGN_IDENTITY[sdk=iphoneos*]" = "iPhone Developer";
				COPY_PHASE_STRIP = NO;
				DEBUG_INFORMATION_FORMAT = "dwarf-with-dsym";
				ENABLE_NS_ASSERTIONS = NO;
				ENABLE_STRICT_OBJC_MSGSEND = YES;
				GCC_C_LANGUAGE_STANDARD = gnu99;
				GCC_NO_COMMON_BLOCKS = YES;
				GCC_WARN_64_TO_32_BIT_CONVERSION = YES;
				GCC_WARN_ABOUT_RETURN_TYPE = YES_ERROR;
				GCC_WARN_UNDECLARED_SELECTOR = YES;
				GCC_WARN_UNINITIALIZED_AUTOS = YES_AGGRESSIVE;
				GCC_WARN_UNUSED_FUNCTION = YES;
				GCC_WARN_UNUSED_VARIABLE = YES;
				IPHONEOS_DEPLOYMENT_TARGET = 8.3;
				MTL_ENABLE_DEBUG_INFO = NO;
				SDKROOT = iphoneos;
				VALIDATE_PRODUCT = YES;
			};
			name = Release;
		};
		004D6D641B01409300893E8B /* Debug */ = {
			isa = XCBuildConfiguration;
			buildSettings = {
				ASSETCATALOG_COMPILER_APPICON_NAME = AppIcon;
				INFOPLIST_FILE = "Space Atack/Info.plist";
				LD_RUNPATH_SEARCH_PATHS = "$(inherited) @executable_path/Frameworks";
				PRODUCT_NAME = "$(TARGET_NAME)";
			};
			name = Debug;
		};
		004D6D651B01409300893E8B /* Release */ = {
			isa = XCBuildConfiguration;
			buildSettings = {
				ASSETCATALOG_COMPILER_APPICON_NAME = AppIcon;
				INFOPLIST_FILE = "Space Atack/Info.plist";
				LD_RUNPATH_SEARCH_PATHS = "$(inherited) @executable_path/Frameworks";
				PRODUCT_NAME = "$(TARGET_NAME)";
			};
			name = Release;
		};
		004D6D671B01409300893E8B /* Debug */ = {
			isa = XCBuildConfiguration;
			buildSettings = {
				BUNDLE_LOADER = "$(TEST_HOST)";
				FRAMEWORK_SEARCH_PATHS = (
					"$(SDKROOT)/Developer/Library/Frameworks",
					"$(inherited)",
				);
				GCC_PREPROCESSOR_DEFINITIONS = (
					"DEBUG=1",
					"$(inherited)",
				);
				INFOPLIST_FILE = "Space AtackTests/Info.plist";
				LD_RUNPATH_SEARCH_PATHS = "$(inherited) @executable_path/Frameworks @loader_path/Frameworks";
				PRODUCT_NAME = "$(TARGET_NAME)";
				TEST_HOST = "$(BUILT_PRODUCTS_DIR)/Space Atack.app/Space Atack";
			};
			name = Debug;
		};
		004D6D681B01409300893E8B /* Release */ = {
			isa = XCBuildConfiguration;
			buildSettings = {
				BUNDLE_LOADER = "$(TEST_HOST)";
				FRAMEWORK_SEARCH_PATHS = (
					"$(SDKROOT)/Developer/Library/Frameworks",
					"$(inherited)",
				);
				INFOPLIST_FILE = "Space AtackTests/Info.plist";
				LD_RUNPATH_SEARCH_PATHS = "$(inherited) @executable_path/Frameworks @loader_path/Frameworks";
				PRODUCT_NAME = "$(TARGET_NAME)";
				TEST_HOST = "$(BUILT_PRODUCTS_DIR)/Space Atack.app/Space Atack";
			};
			name = Release;
		};
/* End XCBuildConfiguration section */

/* Begin XCConfigurationList section */
		004D6D361B01409300893E8B /* Build configuration list for PBXProject "Space Atack" */ = {
			isa = XCConfigurationList;
			buildConfigurations = (
				004D6D611B01409300893E8B /* Debug */,
				004D6D621B01409300893E8B /* Release */,
			);
			defaultConfigurationIsVisible = 0;
			defaultConfigurationName = Release;
		};
		004D6D631B01409300893E8B /* Build configuration list for PBXNativeTarget "Space Atack" */ = {
			isa = XCConfigurationList;
			buildConfigurations = (
				004D6D641B01409300893E8B /* Debug */,
				004D6D651B01409300893E8B /* Release */,
			);
			defaultConfigurationIsVisible = 0;
			defaultConfigurationName = Release;
		};
		004D6D661B01409300893E8B /* Build configuration list for PBXNativeTarget "Space AtackTests" */ = {
			isa = XCConfigurationList;
			buildConfigurations = (
				004D6D671B01409300893E8B /* Debug */,
				004D6D681B01409300893E8B /* Release */,
			);
			defaultConfigurationIsVisible = 0;
			defaultConfigurationName = Release;
		};
/* End XCConfigurationList section */
	};
	rootObject = 004D6D331B01409300893E8B /* Project object */;
}
