// !$*UTF8*$!
{
	archiveVersion = 1;
	classes = {
	};
	objectVersion = 46;
	objects = {

/* Begin PBXBuildFile section */
		494E48B91D634D4400C20D05 /* main.m in Sources */ = {isa = PBXBuildFile; fileRef = 494E48B81D634D4400C20D05 /* main.m */; };
		494E48BC1D634D4400C20D05 /* AppDelegate.m in Sources */ = {isa = PBXBuildFile; fileRef = 494E48BB1D634D4400C20D05 /* AppDelegate.m */; };
		494E48BF1D634D4400C20D05 /* GameScene.m in Sources */ = {isa = PBXBuildFile; fileRef = 494E48BE1D634D4400C20D05 /* GameScene.m */; };
		494E48C11D634D4400C20D05 /* GameScene.sks in Resources */ = {isa = PBXBuildFile; fileRef = 494E48C01D634D4400C20D05 /* GameScene.sks */; };
		494E48C41D634D4400C20D05 /* GameViewController.m in Sources */ = {isa = PBXBuildFile; fileRef = 494E48C31D634D4400C20D05 /* GameViewController.m */; };
		494E48C71D634D4400C20D05 /* Main.storyboard in Resources */ = {isa = PBXBuildFile; fileRef = 494E48C51D634D4400C20D05 /* Main.storyboard */; };
		494E48C91D634D4400C20D05 /* Assets.xcassets in Resources */ = {isa = PBXBuildFile; fileRef = 494E48C81D634D4400C20D05 /* Assets.xcassets */; };
		494E48CC1D634D4400C20D05 /* LaunchScreen.storyboard in Resources */ = {isa = PBXBuildFile; fileRef = 494E48CA1D634D4400C20D05 /* LaunchScreen.storyboard */; };
/* End PBXBuildFile section */

/* Begin PBXFileReference section */
		494E48B41D634D4400C20D05 /* SpaceAttack.app */ = {isa = PBXFileReference; explicitFileType = wrapper.application; includeInIndex = 0; path = SpaceAttack.app; sourceTree = BUILT_PRODUCTS_DIR; };
		494E48B81D634D4400C20D05 /* main.m */ = {isa = PBXFileReference; lastKnownFileType = sourcecode.c.objc; path = main.m; sourceTree = "<group>"; };
		494E48BA1D634D4400C20D05 /* AppDelegate.h */ = {isa = PBXFileReference; lastKnownFileType = sourcecode.c.h; path = AppDelegate.h; sourceTree = "<group>"; };
		494E48BB1D634D4400C20D05 /* AppDelegate.m */ = {isa = PBXFileReference; lastKnownFileType = sourcecode.c.objc; path = AppDelegate.m; sourceTree = "<group>"; };
		494E48BD1D634D4400C20D05 /* GameScene.h */ = {isa = PBXFileReference; lastKnownFileType = sourcecode.c.h; path = GameScene.h; sourceTree = "<group>"; };
		494E48BE1D634D4400C20D05 /* GameScene.m */ = {isa = PBXFileReference; lastKnownFileType = sourcecode.c.objc; path = GameScene.m; sourceTree = "<group>"; };
		494E48C01D634D4400C20D05 /* GameScene.sks */ = {isa = PBXFileReference; lastKnownFileType = file.sks; path = GameScene.sks; sourceTree = "<group>"; };
		494E48C21D634D4400C20D05 /* GameViewController.h */ = {isa = PBXFileReference; lastKnownFileType = sourcecode.c.h; path = GameViewController.h; sourceTree = "<group>"; };
		494E48C31D634D4400C20D05 /* GameViewController.m */ = {isa = PBXFileReference; lastKnownFileType = sourcecode.c.objc; path = GameViewController.m; sourceTree = "<group>"; };
		494E48C61D634D4400C20D05 /* Base */ = {isa = PBXFileReference; lastKnownFileType = file.storyboard; name = Base; path = Base.lproj/Main.storyboard; sourceTree = "<group>"; };
		494E48C81D634D4400C20D05 /* Assets.xcassets */ = {isa = PBXFileReference; lastKnownFileType = folder.assetcatalog; path = Assets.xcassets; sourceTree = "<group>"; };
		494E48CB1D634D4400C20D05 /* Base */ = {isa = PBXFileReference; lastKnownFileType = file.storyboard; name = Base; path = Base.lproj/LaunchScreen.storyboard; sourceTree = "<group>"; };
		494E48CD1D634D4400C20D05 /* Info.plist */ = {isa = PBXFileReference; lastKnownFileType = text.plist.xml; path = Info.plist; sourceTree = "<group>"; };
/* End PBXFileReference section */

/* Begin PBXFrameworksBuildPhase section */
		494E48B11D634D4400C20D05 /* Frameworks */ = {
			isa = PBXFrameworksBuildPhase;
			buildActionMask = 2147483647;
			files = (
			);
			runOnlyForDeploymentPostprocessing = 0;
		};
/* End PBXFrameworksBuildPhase section */

/* Begin PBXGroup section */
		494E48AB1D634D4400C20D05 = {
			isa = PBXGroup;
			children = (
				494E48B61D634D4400C20D05 /* SpaceAttack */,
				494E48B51D634D4400C20D05 /* Products */,
			);
			sourceTree = "<group>";
		};
		494E48B51D634D4400C20D05 /* Products */ = {
			isa = PBXGroup;
			children = (
				494E48B41D634D4400C20D05 /* SpaceAttack.app */,
			);
			name = Products;
			sourceTree = "<group>";
		};
		494E48B61D634D4400C20D05 /* SpaceAttack */ = {
			isa = PBXGroup;
			children = (
				494E48BA1D634D4400C20D05 /* AppDelegate.h */,
				494E48BB1D634D4400C20D05 /* AppDelegate.m */,
				494E48BD1D634D4400C20D05 /* GameScene.h */,
				494E48BE1D634D4400C20D05 /* GameScene.m */,
				494E48C01D634D4400C20D05 /* GameScene.sks */,
				494E48C21D634D4400C20D05 /* GameViewController.h */,
				494E48C31D634D4400C20D05 /* GameViewController.m */,
				494E48C51D634D4400C20D05 /* Main.storyboard */,
				494E48C81D634D4400C20D05 /* Assets.xcassets */,
				494E48CA1D634D4400C20D05 /* LaunchScreen.storyboard */,
				494E48CD1D634D4400C20D05 /* Info.plist */,
				494E48B71D634D4400C20D05 /* Supporting Files */,
			);
			path = SpaceAttack;
			sourceTree = "<group>";
		};
		494E48B71D634D4400C20D05 /* Supporting Files */ = {
			isa = PBXGroup;
			children = (
				494E48B81D634D4400C20D05 /* main.m */,
			);
			name = "Supporting Files";
			sourceTree = "<group>";
		};
/* End PBXGroup section */

/* Begin PBXNativeTarget section */
		494E48B31D634D4400C20D05 /* SpaceAttack */ = {
			isa = PBXNativeTarget;
			buildConfigurationList = 494E48D01D634D4400C20D05 /* Build configuration list for PBXNativeTarget "SpaceAttack" */;
			buildPhases = (
				494E48B01D634D4400C20D05 /* Sources */,
				494E48B11D634D4400C20D05 /* Frameworks */,
				494E48B21D634D4400C20D05 /* Resources */,
			);
			buildRules = (
			);
			dependencies = (
			);
			name = SpaceAttack;
			productName = SpaceAttack;
			productReference = 494E48B41D634D4400C20D05 /* SpaceAttack.app */;
			productType = "com.apple.product-type.application";
		};
/* End PBXNativeTarget section */

/* Begin PBXProject section */
		494E48AC1D634D4400C20D05 /* Project object */ = {
			isa = PBXProject;
			attributes = {
				LastUpgradeCheck = 0720;
				ORGANIZATIONNAME = "Miguel Araújo";
				TargetAttributes = {
					494E48B31D634D4400C20D05 = {
						CreatedOnToolsVersion = 7.2.1;
					};
				};
			};
			buildConfigurationList = 494E48AF1D634D4400C20D05 /* Build configuration list for PBXProject "SpaceAttack" */;
			compatibilityVersion = "Xcode 3.2";
			developmentRegion = English;
			hasScannedForEncodings = 0;
			knownRegions = (
				en,
				Base,
			);
			mainGroup = 494E48AB1D634D4400C20D05;
			productRefGroup = 494E48B51D634D4400C20D05 /* Products */;
			projectDirPath = "";
			projectRoot = "";
			targets = (
				494E48B31D634D4400C20D05 /* SpaceAttack */,
			);
		};
/* End PBXProject section */

/* Begin PBXResourcesBuildPhase section */
		494E48B21D634D4400C20D05 /* Resources */ = {
			isa = PBXResourcesBuildPhase;
			buildActionMask = 2147483647;
			files = (
				494E48C11D634D4400C20D05 /* GameScene.sks in Resources */,
				494E48CC1D634D4400C20D05 /* LaunchScreen.storyboard in Resources */,
				494E48C91D634D4400C20D05 /* Assets.xcassets in Resources */,
				494E48C71D634D4400C20D05 /* Main.storyboard in Resources */,
			);
			runOnlyForDeploymentPostprocessing = 0;
		};
/* End PBXResourcesBuildPhase section */

/* Begin PBXSourcesBuildPhase section */
		494E48B01D634D4400C20D05 /* Sources */ = {
			isa = PBXSourcesBuildPhase;
			buildActionMask = 2147483647;
			files = (
				494E48C41D634D4400C20D05 /* GameViewController.m in Sources */,
				494E48BC1D634D4400C20D05 /* AppDelegate.m in Sources */,
				494E48BF1D634D4400C20D05 /* GameScene.m in Sources */,
				494E48B91D634D4400C20D05 /* main.m in Sources */,
			);
			runOnlyForDeploymentPostprocessing = 0;
		};
/* End PBXSourcesBuildPhase section */

/* Begin PBXVariantGroup section */
		494E48C51D634D4400C20D05 /* Main.storyboard */ = {
			isa = PBXVariantGroup;
			children = (
				494E48C61D634D4400C20D05 /* Base */,
			);
			name = Main.storyboard;
			sourceTree = "<group>";
		};
		494E48CA1D634D4400C20D05 /* LaunchScreen.storyboard */ = {
			isa = PBXVariantGroup;
			children = (
				494E48CB1D634D4400C20D05 /* Base */,
			);
			name = LaunchScreen.storyboard;
			sourceTree = "<group>";
		};
/* End PBXVariantGroup section */

/* Begin XCBuildConfiguration section */
		494E48CE1D634D4400C20D05 /* Debug */ = {
			isa = XCBuildConfiguration;
			buildSettings = {
				ALWAYS_SEARCH_USER_PATHS = NO;
				CLANG_CXX_LANGUAGE_STANDARD = "gnu++0x";
				CLANG_CXX_LIBRARY = "libc++";
				CLANG_ENABLE_MODULES = YES;
				CLANG_ENABLE_OBJC_ARC = YES;
				CLANG_WARN_BOOL_CONVERSION = YES;
				CLANG_WARN_CONSTANT_CONVERSION = YES;
				CLANG_WARN_DIRECT_OBJC_ISA_USAGE = YES_ERROR;
				CLANG_WARN_EMPTY_BODY = YES;
				CLANG_WARN_ENUM_CONVERSION = YES;
				CLANG_WARN_INT_CONVERSION = YES;
				CLANG_WARN_OBJC_ROOT_CLASS = YES_ERROR;
				CLANG_WARN_UNREACHABLE_CODE = YES;
				CLANG_WARN__DUPLICATE_METHOD_MATCH = YES;
				"CODE_SIGN_IDENTITY[sdk=iphoneos*]" = "iPhone Developer";
				COPY_PHASE_STRIP = NO;
				DEBUG_INFORMATION_FORMAT = "dwarf-with-dsym";
				ENABLE_STRICT_OBJC_MSGSEND = YES;
				ENABLE_TESTABILITY = YES;
				GCC_C_LANGUAGE_STANDARD = gnu99;
				GCC_DYNAMIC_NO_PIC = NO;
				GCC_NO_COMMON_BLOCKS = YES;
				GCC_OPTIMIZATION_LEVEL = 0;
				GCC_PREPROCESSOR_DEFINITIONS = (
					"DEBUG=1",
					"$(inherited)",
				);
				GCC_WARN_64_TO_32_BIT_CONVERSION = YES;
				GCC_WARN_ABOUT_RETURN_TYPE = YES_ERROR;
				GCC_WARN_UNDECLARED_SELECTOR = YES;
				GCC_WARN_UNINITIALIZED_AUTOS = YES_AGGRESSIVE;
				GCC_WARN_UNUSED_FUNCTION = YES;
				GCC_WARN_UNUSED_VARIABLE = YES;
				IPHONEOS_DEPLOYMENT_TARGET = 9.2;
				MTL_ENABLE_DEBUG_INFO = YES;
				ONLY_ACTIVE_ARCH = YES;
				SDKROOT = iphoneos;
				TARGETED_DEVICE_FAMILY = "1,2";
			};
			name = Debug;
		};
		494E48CF1D634D4400C20D05 /* Release */ = {
			isa = XCBuildConfiguration;
			buildSettings = {
				ALWAYS_SEARCH_USER_PATHS = NO;
				CLANG_CXX_LANGUAGE_STANDARD = "gnu++0x";
				CLANG_CXX_LIBRARY = "libc++";
				CLANG_ENABLE_MODULES = YES;
				CLANG_ENABLE_OBJC_ARC = YES;
				CLANG_WARN_BOOL_CONVERSION = YES;
				CLANG_WARN_CONSTANT_CONVERSION = YES;
				CLANG_WARN_DIRECT_OBJC_ISA_USAGE = YES_ERROR;
				CLANG_WARN_EMPTY_BODY = YES;
				CLANG_WARN_ENUM_CONVERSION = YES;
				CLANG_WARN_INT_CONVERSION = YES;
				CLANG_WARN_OBJC_ROOT_CLASS = YES_ERROR;
				CLANG_WARN_UNREACHABLE_CODE = YES;
				CLANG_WARN__DUPLICATE_METHOD_MATCH = YES;
				"CODE_SIGN_IDENTITY[sdk=iphoneos*]" = "iPhone Developer";
				COPY_PHASE_STRIP = NO;
				DEBUG_INFORMATION_FORMAT = "dwarf-with-dsym";
				ENABLE_NS_ASSERTIONS = NO;
				ENABLE_STRICT_OBJC_MSGSEND = YES;
				GCC_C_LANGUAGE_STANDARD = gnu99;
				GCC_NO_COMMON_BLOCKS = YES;
				GCC_WARN_64_TO_32_BIT_CONVERSION = YES;
				GCC_WARN_ABOUT_RETURN_TYPE = YES_ERROR;
				GCC_WARN_UNDECLARED_SELECTOR = YES;
				GCC_WARN_UNINITIALIZED_AUTOS = YES_AGGRESSIVE;
				GCC_WARN_UNUSED_FUNCTION = YES;
				GCC_WARN_UNUSED_VARIABLE = YES;
				IPHONEOS_DEPLOYMENT_TARGET = 9.2;
				MTL_ENABLE_DEBUG_INFO = NO;
				SDKROOT = iphoneos;
				TARGETED_DEVICE_FAMILY = "1,2";
				VALIDATE_PRODUCT = YES;
			};
			name = Release;
		};
		494E48D11D634D4400C20D05 /* Debug */ = {
			isa = XCBuildConfiguration;
			buildSettings = {
				ASSETCATALOG_COMPILER_APPICON_NAME = AppIcon;
				INFOPLIST_FILE = SpaceAttack/Info.plist;
				LD_RUNPATH_SEARCH_PATHS = "$(inherited) @executable_path/Frameworks";
				PRODUCT_BUNDLE_IDENTIFIER = br.ufpe.cin.SpaceAttack;
				PRODUCT_NAME = "$(TARGET_NAME)";
			};
			name = Debug;
		};
		494E48D21D634D4400C20D05 /* Release */ = {
			isa = XCBuildConfiguration;
			buildSettings = {
				ASSETCATALOG_COMPILER_APPICON_NAME = AppIcon;
				INFOPLIST_FILE = SpaceAttack/Info.plist;
				LD_RUNPATH_SEARCH_PATHS = "$(inherited) @executable_path/Frameworks";
				PRODUCT_BUNDLE_IDENTIFIER = br.ufpe.cin.SpaceAttack;
				PRODUCT_NAME = "$(TARGET_NAME)";
			};
			name = Release;
		};
/* End XCBuildConfiguration section */

/* Begin XCConfigurationList section */
		494E48AF1D634D4400C20D05 /* Build configuration list for PBXProject "SpaceAttack" */ = {
			isa = XCConfigurationList;
			buildConfigurations = (
				494E48CE1D634D4400C20D05 /* Debug */,
				494E48CF1D634D4400C20D05 /* Release */,
			);
			defaultConfigurationIsVisible = 0;
			defaultConfigurationName = Release;
		};
		494E48D01D634D4400C20D05 /* Build configuration list for PBXNativeTarget "SpaceAttack" */ = {
			isa = XCConfigurationList;
			buildConfigurations = (
				494E48D11D634D4400C20D05 /* Debug */,
				494E48D21D634D4400C20D05 /* Release */,
			);
			defaultConfigurationIsVisible = 0;
		};
/* End XCConfigurationList section */
	};
	rootObject = 494E48AC1D634D4400C20D05 /* Project object */;
}
